
Microsoft Visual Studio Solution File, Format Version 12.00
# Visual Studio Version 17
VisualStudioVersion = 17.2.32516.85
MinimumVisualStudioVersion = 10.0.40219.1
Project("{FAE04EC0-301F-11D3-BF4B-00C04F79EFBC}") = "PraiseBoxSongConverter", "PraiseBoxSongConverter\PraiseBoxSongConverter.csproj", "{97FA6DC5-BAB0-45DC-828B-F723C2676ED8}"
EndProject
Global
	GlobalSection(SolutionConfigurationPlatforms) = preSolution
		Debug|Any CPU = Debug|Any CPU
		Release|Any CPU = Release|Any CPU
	EndGlobalSection
	GlobalSection(ProjectConfigurationPlatforms) = postSolution
		{97FA6DC5-BAB0-45DC-828B-F723C2676ED8}.Debug|Any CPU.ActiveCfg = Debug|Any CPU
		{97FA6DC5-BAB0-45DC-828B-F723C2676ED8}.Debug|Any CPU.Build.0 = Debug|Any CPU
		{97FA6DC5-BAB0-45DC-828B-F723C2676ED8}.Release|Any CPU.ActiveCfg = Release|Any CPU
		{97FA6DC5-BAB0-45DC-828B-F723C2676ED8}.Release|Any CPU.Build.0 = Release|Any CPU
	EndGlobalSection
	GlobalSection(SolutionProperties) = preSolution
		HideSolutionNode = FALSE
	EndGlobalSection
	GlobalSection(ExtensibilityGlobals) = postSolution
		SolutionGuid = {0D33276A-7E06-48CD-8A59-EC9457D4B7DD}
	EndGlobalSection
EndGlobal
